
Microsoft Visual Studio Solution File, Format Version 12.00
# Visual Studio Version 16
VisualStudioVersion = 16.0.34407.143
MinimumVisualStudioVersion = 10.0.40219.1
Project("{FAE04EC0-301F-11D3-BF4B-00C04F79EFBC}") = "PrktRpm4", "PrktRpm4.csproj", "{21E09D52-A9F8-4460-885D-5D4652763B55}"
EndProject
Global
	GlobalSection(SolutionConfigurationPlatforms) = preSolution
		Debug|Any CPU = Debug|Any CPU
		Release|Any CPU = Release|Any CPU
	EndGlobalSection
	GlobalSection(ProjectConfigurationPlatforms) = postSolution
		{21E09D52-A9F8-4460-885D-5D4652763B55}.Debug|Any CPU.ActiveCfg = Debug|Any CPU
		{21E09D52-A9F8-4460-885D-5D4652763B55}.Debug|Any CPU.Build.0 = Debug|Any CPU
		{21E09D52-A9F8-4460-885D-5D4652763B55}.Release|Any CPU.ActiveCfg = Release|Any CPU
		{21E09D52-A9F8-4460-885D-5D4652763B55}.Release|Any CPU.Build.0 = Release|Any CPU
	EndGlobalSection
	GlobalSection(SolutionProperties) = preSolution
		HideSolutionNode = FALSE
	EndGlobalSection
	GlobalSection(ExtensibilityGlobals) = postSolution
		SolutionGuid = {4FA558E8-AEDF-43CF-B951-797F6AB5C305}
	EndGlobalSection
EndGlobal
